
Microsoft Visual Studio Solution File, Format Version 12.00
# Visual Studio 15
VisualStudioVersion = 15.0.27130.2036
MinimumVisualStudioVersion = 10.0.40219.1
Project("{FAE04EC0-301F-11D3-BF4B-00C04F79EFBC}") = "FrameworkCore", "FrameworkCore\FrameworkCore.csproj", "{313D0EF5-36F8-4E3A-8EC7-6B3F163AA94E}"
EndProject
Project("{FAE04EC0-301F-11D3-BF4B-00C04F79EFBC}") = "Components", "Components\Components.csproj", "{1F2DBA39-EBC8-4C5F-A006-2AEB351618A8}"
EndProject
Project("{FAE04EC0-301F-11D3-BF4B-00C04F79EFBC}") = "Entities", "Entities\Entities.csproj", "{3909248F-DE7E-41A1-B370-9B9893C5DE39}"
EndProject
Project("{FAE04EC0-301F-11D3-BF4B-00C04F79EFBC}") = "Pages", "Pages\Pages.csproj", "{73D38FF8-2C41-4E15-8D78-23FA109FA59E}"
EndProject
Project("{FAE04EC0-301F-11D3-BF4B-00C04F79EFBC}") = "Tests", "Tests\Tests.csproj", "{F2015627-542B-40F6-AB2F-B2526166ECC4}"
EndProject
Project("{2150E333-8FDC-42A3-9474-1A3956D46DE8}") = "Solution Items", "Solution Items", "{A1A3C6E7-15D0-45C8-B7B6-2FDE5803059C}"
	ProjectSection(SolutionItems) = preProject
		LocalTestSettings.testsettings = LocalTestSettings.testsettings
		Project_X.runsettings = Project_X.runsettings
	EndProjectSection
EndProject
Global
	GlobalSection(SolutionConfigurationPlatforms) = preSolution
		Debug|Any CPU = Debug|Any CPU
		Release|Any CPU = Release|Any CPU
	EndGlobalSection
	GlobalSection(ProjectConfigurationPlatforms) = postSolution
		{313D0EF5-36F8-4E3A-8EC7-6B3F163AA94E}.Debug|Any CPU.ActiveCfg = Debug|Any CPU
		{313D0EF5-36F8-4E3A-8EC7-6B3F163AA94E}.Debug|Any CPU.Build.0 = Debug|Any CPU
		{313D0EF5-36F8-4E3A-8EC7-6B3F163AA94E}.Release|Any CPU.ActiveCfg = Release|Any CPU
		{313D0EF5-36F8-4E3A-8EC7-6B3F163AA94E}.Release|Any CPU.Build.0 = Release|Any CPU
		{1F2DBA39-EBC8-4C5F-A006-2AEB351618A8}.Debug|Any CPU.ActiveCfg = Debug|Any CPU
		{1F2DBA39-EBC8-4C5F-A006-2AEB351618A8}.Debug|Any CPU.Build.0 = Debug|Any CPU
		{1F2DBA39-EBC8-4C5F-A006-2AEB351618A8}.Release|Any CPU.ActiveCfg = Release|Any CPU
		{1F2DBA39-EBC8-4C5F-A006-2AEB351618A8}.Release|Any CPU.Build.0 = Release|Any CPU
		{3909248F-DE7E-41A1-B370-9B9893C5DE39}.Debug|Any CPU.ActiveCfg = Debug|Any CPU
		{3909248F-DE7E-41A1-B370-9B9893C5DE39}.Debug|Any CPU.Build.0 = Debug|Any CPU
		{3909248F-DE7E-41A1-B370-9B9893C5DE39}.Release|Any CPU.ActiveCfg = Release|Any CPU
		{3909248F-DE7E-41A1-B370-9B9893C5DE39}.Release|Any CPU.Build.0 = Release|Any CPU
		{73D38FF8-2C41-4E15-8D78-23FA109FA59E}.Debug|Any CPU.ActiveCfg = Debug|Any CPU
		{73D38FF8-2C41-4E15-8D78-23FA109FA59E}.Debug|Any CPU.Build.0 = Debug|Any CPU
		{73D38FF8-2C41-4E15-8D78-23FA109FA59E}.Release|Any CPU.ActiveCfg = Release|Any CPU
		{73D38FF8-2C41-4E15-8D78-23FA109FA59E}.Release|Any CPU.Build.0 = Release|Any CPU
		{F2015627-542B-40F6-AB2F-B2526166ECC4}.Debug|Any CPU.ActiveCfg = Debug|Any CPU
		{F2015627-542B-40F6-AB2F-B2526166ECC4}.Debug|Any CPU.Build.0 = Debug|Any CPU
		{F2015627-542B-40F6-AB2F-B2526166ECC4}.Release|Any CPU.ActiveCfg = Release|Any CPU
		{F2015627-542B-40F6-AB2F-B2526166ECC4}.Release|Any CPU.Build.0 = Release|Any CPU
	EndGlobalSection
	GlobalSection(SolutionProperties) = preSolution
		HideSolutionNode = FALSE
	EndGlobalSection
	GlobalSection(ExtensibilityGlobals) = postSolution
		SolutionGuid = {17F548B5-E38C-48C8-96F7-0726D1EC2D24}
	EndGlobalSection
EndGlobal
